
Microsoft Visual Studio Solution File, Format Version 12.00
# Visual Studio Version 17
VisualStudioVersion = 17.10.34928.147
MinimumVisualStudioVersion = 10.0.40219.1
Project("{9A19103F-16F7-4668-BE54-9A1E7A4F7556}") = "CRM.JFLEAD.WebAPI", "CRM.JFLEAD.WebAPI\CRM.JFLEAD.WebAPI.csproj", "{744E9BBB-93F0-434C-8B0D-1191BE4AFA0D}"
EndProject
Project("{9A19103F-16F7-4668-BE54-9A1E7A4F7556}") = "CRM.JFLEAD.Domain", "CRM.JFLEAD.Domain\CRM.JFLEAD.Domain.csproj", "{E332409B-FA3D-4B1B-AC48-C60337FDCB59}"
EndProject
Project("{9A19103F-16F7-4668-BE54-9A1E7A4F7556}") = "CRM.JFLEAD.Core", "CRM.JFLEAD.Core\CRM.JFLEAD.Core.csproj", "{D191FA86-F6E7-432E-AC9B-15BD260A2E56}"
EndProject
Project("{9A19103F-16F7-4668-BE54-9A1E7A4F7556}") = "CRM.JFLEAD.App", "CRM.JFLEAD.App\CRM.JFLEAD.App.csproj", "{6AD3668D-E836-420F-8B3B-D7207279404A}"
EndProject
Project("{9A19103F-16F7-4668-BE54-9A1E7A4F7556}") = "CRM.JFLEAD.Infrastructure", "CRM.JFLEAD.Infrastructure\CRM.JFLEAD.Infrastructure.csproj", "{C7784217-44BF-482E-AB77-39DC74943E7E}"
EndProject
Project("{2150E333-8FDC-42A3-9474-1A3956D46DE8}") = "03-Lead", "03-Lead", "{4C9CDF54-CE9C-4548-9BA6-C133B47435D6}"
EndProject
Project("{2150E333-8FDC-42A3-9474-1A3956D46DE8}") = "01-SharedKernel", "01-SharedKernel", "{33E5F6B5-FA0C-49E7-9DD9-62286BE1A05E}"
EndProject
Project("{9A19103F-16F7-4668-BE54-9A1E7A4F7556}") = "CRM.SharedKernel.Domain", "CRM.SharedKernel.Domain\CRM.SharedKernel.Domain.csproj", "{C10FDB39-F429-4E73-BAA5-C14D3DA823A8}"
EndProject
Project("{9A19103F-16F7-4668-BE54-9A1E7A4F7556}") = "CRM.SharedKernel.Core", "CRM.SharedKernel.Core\CRM.SharedKernel.Core.csproj", "{D473970D-C90D-4B69-973D-33FBAFA41DF9}"
EndProject
Project("{9A19103F-16F7-4668-BE54-9A1E7A4F7556}") = "CRM.SharedKernel.App", "CRM.SharedKernel.App\CRM.SharedKernel.App.csproj", "{253C4D53-D378-4147-B3F2-F02CB041D410}"
EndProject
Project("{2150E333-8FDC-42A3-9474-1A3956D46DE8}") = "Authentification", "Authentification", "{688CFDC6-0BA5-4ED6-B79A-6A76A33F26A4}"
EndProject
Project("{9A19103F-16F7-4668-BE54-9A1E7A4F7556}") = "CRM.AuthAPI", "CRM.AuthAPI\CRM.AuthAPI.csproj", "{3CAB5D53-9EBE-4ACE-8DCC-3A9A4B3D6165}"
EndProject
Project("{2150E333-8FDC-42A3-9474-1A3956D46DE8}") = "02-Contact", "02-Contact", "{B79F9A97-91D7-4445-A39D-A5337F3A8A43}"
EndProject
Project("{9A19103F-16F7-4668-BE54-9A1E7A4F7556}") = "CRM.JFCT.Domain", "CRM.Contact.Domain\CRM.JFCT.Domain.csproj", "{79F59A31-1CFE-465C-AAED-91D55DBF0E96}"
EndProject
Project("{9A19103F-16F7-4668-BE54-9A1E7A4F7556}") = "CRM.JFCT.Core", "CRM.Contact.Core\CRM.JFCT.Core.csproj", "{6C695A58-9F97-4CD1-8403-9E8E91312193}"
EndProject
Project("{9A19103F-16F7-4668-BE54-9A1E7A4F7556}") = "CRM.JFCT.App", "CRM.Contact.App\CRM.JFCT.App.csproj", "{671DF624-2B36-4F37-84FD-3CA8084FFCF1}"
EndProject
Project("{9A19103F-16F7-4668-BE54-9A1E7A4F7556}") = "CRM.JFCT.Infrastructure", "CRM.Contact.Infrastructure\CRM.JFCT.Infrastructure.csproj", "{96D5C4A6-F8B3-4912-9E5C-98830A270D19}"
EndProject
Project("{9A19103F-16F7-4668-BE54-9A1E7A4F7556}") = "CRM.JFCT.WebAPI", "CRM.JFCT.WebAPI\CRM.JFCT.WebAPI.csproj", "{39E158AD-11A2-4C96-A662-19FDD052B088}"
EndProject
Project("{2150E333-8FDC-42A3-9474-1A3956D46DE8}") = "04-Prospect", "04-Prospect", "{DAA8DDF9-5A48-4401-A110-D4CCFF18EB96}"
EndProject
Project("{9A19103F-16F7-4668-BE54-9A1E7A4F7556}") = "CRM.JFPP.Domain", "CRM.JFPP.Domain\CRM.JFPP.Domain.csproj", "{6ECDBDCD-5F20-45C6-870F-4A8CFF60F7D7}"
EndProject
Project("{9A19103F-16F7-4668-BE54-9A1E7A4F7556}") = "CRM.JFPP.Core", "CRM.JFPP.Core\CRM.JFPP.Core.csproj", "{5AD24B76-E21C-4364-AD49-CEC7E1CB850B}"
EndProject
Project("{9A19103F-16F7-4668-BE54-9A1E7A4F7556}") = "CRM.JFPP.App", "CRM.JFPP.App\CRM.JFPP.App.csproj", "{3BF52B2A-A905-485A-92FE-085278133CD3}"
EndProject
Project("{2150E333-8FDC-42A3-9474-1A3956D46DE8}") = "05-Client", "05-Client", "{CC12469D-F8E5-408C-B3A8-5A6A745E021B}"
EndProject
Project("{9A19103F-16F7-4668-BE54-9A1E7A4F7556}") = "CRM.JFCL.Domain", "CRM.JFCL.Domain\CRM.JFCL.Domain.csproj", "{E97118EA-4C3C-4443-85BA-D83D3D4C1484}"
EndProject
Project("{9A19103F-16F7-4668-BE54-9A1E7A4F7556}") = "CRM.JFCL.Core", "CRM.JFCL.Core\CRM.JFCL.Core.csproj", "{F4167D6E-21EC-4154-BC63-13CB8E3B435C}"
EndProject
Project("{9A19103F-16F7-4668-BE54-9A1E7A4F7556}") = "CRM.JFPP.Infrastructure", "CRM.JFPP.Infrastructure\CRM.JFPP.Infrastructure.csproj", "{6124624A-05C0-4ED8-87EC-699366A126A5}"
EndProject
Project("{9A19103F-16F7-4668-BE54-9A1E7A4F7556}") = "CRM.JFPP.WebAPI", "CRM.JFPP.WebAPI\CRM.JFPP.WebAPI.csproj", "{8A2F77E3-B5E4-401A-9F3D-ACD311479DE8}"
EndProject
Project("{9A19103F-16F7-4668-BE54-9A1E7A4F7556}") = "CRM.JFCL.App", "CRM.JFCL.App\CRM.JFCL.App.csproj", "{B5C273E3-187E-449A-A1EE-D88811F60D63}"
EndProject
Project("{9A19103F-16F7-4668-BE54-9A1E7A4F7556}") = "CRM.JFCL.Infrastructure", "CRM.JFCL.Infrastructure\CRM.JFCL.Infrastructure.csproj", "{AF88D040-5D2D-41E0-A663-0E25DDF4C898}"
EndProject
Project("{9A19103F-16F7-4668-BE54-9A1E7A4F7556}") = "CRM.JFCL.WebAPI", "CRM.JFCL.WebAPI\CRM.JFCL.WebAPI.csproj", "{EA91B20F-B744-422E-9043-4E7E3D14ACCA}"
EndProject
Project("{2150E333-8FDC-42A3-9474-1A3956D46DE8}") = "06-TaskEvent", "06-TaskEvent", "{4CE4CB7F-2019-413F-987C-2C1DD230440A}"
EndProject
Project("{9A19103F-16F7-4668-BE54-9A1E7A4F7556}") = "CRM.JFTE.Domain", "CRM.JFTE.Domain\CRM.JFTE.Domain.csproj", "{339AB928-7E12-484B-93E2-DB8B96E5D1C3}"
EndProject
Project("{9A19103F-16F7-4668-BE54-9A1E7A4F7556}") = "CRM.JFTE.Infrastructure", "CRM.JFTE.Infrastructure\CRM.JFTE.Infrastructure.csproj", "{6094686D-9A16-4AA0-B5D9-C84D4C92E6A0}"
EndProject
Project("{9A19103F-16F7-4668-BE54-9A1E7A4F7556}") = "CRM.JFTE.Core", "CRM.JFTE.Core\CRM.JFTE.Core.csproj", "{4B86A7B4-B376-4AFB-A9E3-992786E7F52D}"
EndProject
Project("{9A19103F-16F7-4668-BE54-9A1E7A4F7556}") = "CRM.JFTE.App", "CRM.JFTE.App\CRM.JFTE.App.csproj", "{B929FAB6-D74F-4977-920E-1CE6300E95CA}"
EndProject
Project("{9A19103F-16F7-4668-BE54-9A1E7A4F7556}") = "CRM.JFTE.WebAPI", "CRM.JFTE.WebAPI\CRM.JFTE.WebAPI.csproj", "{94B3B339-6D81-45A5-BEF7-7819387C3B63}"
EndProject
Project("{2150E333-8FDC-42A3-9474-1A3956D46DE8}") = "07-Opportunite", "07-Opportunite", "{BAB8057C-8797-4B27-BEF9-D7B2DBADEBA0}"
EndProject
Project("{9A19103F-16F7-4668-BE54-9A1E7A4F7556}") = "CRM.JFOP.Domain", "CRM.JFOP.Domain\CRM.JFOP.Domain.csproj", "{ACC698BA-B5FE-4A42-8B82-5077EB4904AD}"
EndProject
Project("{9A19103F-16F7-4668-BE54-9A1E7A4F7556}") = "CRM.JFOP.Core", "CRM.JFOP.Core\CRM.JFOP.Core.csproj", "{F1DA4E4C-192B-46AA-97F1-FC81C89163A6}"
EndProject
Project("{9A19103F-16F7-4668-BE54-9A1E7A4F7556}") = "CRM.JFOP.App", "CRM.JFOP.App\CRM.JFOP.App.csproj", "{9E999F61-0FC0-4AB3-86DF-547155F00283}"
EndProject
Project("{9A19103F-16F7-4668-BE54-9A1E7A4F7556}") = "CRM.JFOP.Infrastructure", "CRM.JFOP.Infrastructure\CRM.JFOP.Infrastructure.csproj", "{9FE8EB98-30AE-4914-A78D-D9FE95A6B37C}"
EndProject
Project("{9A19103F-16F7-4668-BE54-9A1E7A4F7556}") = "CRM.JFOP.WebAPI", "CRM.JFOP.WebAPI\CRM.JFOP.WebAPI.csproj", "{F82EE53D-7164-4859-ADD5-F98B6E508822}"
EndProject
Project("{2150E333-8FDC-42A3-9474-1A3956D46DE8}") = "08-Commercial", "08-Commercial", "{32FC1CE1-9645-41C4-BA77-924DDFFA0D1F}"
EndProject
Project("{9A19103F-16F7-4668-BE54-9A1E7A4F7556}") = "CRM.JFCOM.Domain", "CRM.JFCOM.Domain\CRM.JFCOM.Domain.csproj", "{08DAD4C1-4E90-42B3-9740-70EEDBEDF28B}"
EndProject
Project("{9A19103F-16F7-4668-BE54-9A1E7A4F7556}") = "CRM.JFCOM.Core", "CRM.JFCOM.Core\CRM.JFCOM.Core.csproj", "{AFB7283E-2662-495F-A347-5B009826B7A3}"
EndProject
Project("{9A19103F-16F7-4668-BE54-9A1E7A4F7556}") = "CRM.JFCOM.App", "CRM.JFCOM.App\CRM.JFCOM.App.csproj", "{C79BC341-C90A-4C76-99EA-4E2E61FE6469}"
EndProject
Project("{9A19103F-16F7-4668-BE54-9A1E7A4F7556}") = "CRM.JFCOM.Infrastructure", "CRM.JFCOM.Infrastructure\CRM.JFCOM.Infrastructure.csproj", "{49AB61C1-30E5-44CE-BB09-98544E5525C2}"
EndProject
Project("{9A19103F-16F7-4668-BE54-9A1E7A4F7556}") = "CRM.JFCOM.WebAPI", "CRM.JFCOM.WebAPI\CRM.JFCOM.WebAPI.csproj", "{D4539236-FF30-4BED-B50E-A758C2D1E788}"
EndProject
Project("{2150E333-8FDC-42A3-9474-1A3956D46DE8}") = "09-Calendrier", "09-Calendrier", "{5CD9571E-78A3-4340-9D2F-70A82D3D7891}"
EndProject
Project("{FAE04EC0-301F-11D3-BF4B-00C04F79EFBC}") = "CRM.JFCLD.Domain", "CRM.JFCLD.Domain\CRM.JFCLD.Domain.csproj", "{5064DDD5-C3F0-439B-8866-C8DA5F0348AC}"
EndProject
Global
	GlobalSection(SolutionConfigurationPlatforms) = preSolution
		Debug|Any CPU = Debug|Any CPU
		Release|Any CPU = Release|Any CPU
	EndGlobalSection
	GlobalSection(ProjectConfigurationPlatforms) = postSolution
		{744E9BBB-93F0-434C-8B0D-1191BE4AFA0D}.Debug|Any CPU.ActiveCfg = Debug|Any CPU
		{744E9BBB-93F0-434C-8B0D-1191BE4AFA0D}.Debug|Any CPU.Build.0 = Debug|Any CPU
		{744E9BBB-93F0-434C-8B0D-1191BE4AFA0D}.Release|Any CPU.ActiveCfg = Release|Any CPU
		{744E9BBB-93F0-434C-8B0D-1191BE4AFA0D}.Release|Any CPU.Build.0 = Release|Any CPU
		{E332409B-FA3D-4B1B-AC48-C60337FDCB59}.Debug|Any CPU.ActiveCfg = Debug|Any CPU
		{E332409B-FA3D-4B1B-AC48-C60337FDCB59}.Debug|Any CPU.Build.0 = Debug|Any CPU
		{E332409B-FA3D-4B1B-AC48-C60337FDCB59}.Release|Any CPU.ActiveCfg = Release|Any CPU
		{E332409B-FA3D-4B1B-AC48-C60337FDCB59}.Release|Any CPU.Build.0 = Release|Any CPU
		{D191FA86-F6E7-432E-AC9B-15BD260A2E56}.Debug|Any CPU.ActiveCfg = Debug|Any CPU
		{D191FA86-F6E7-432E-AC9B-15BD260A2E56}.Debug|Any CPU.Build.0 = Debug|Any CPU
		{D191FA86-F6E7-432E-AC9B-15BD260A2E56}.Release|Any CPU.ActiveCfg = Release|Any CPU
		{D191FA86-F6E7-432E-AC9B-15BD260A2E56}.Release|Any CPU.Build.0 = Release|Any CPU
		{6AD3668D-E836-420F-8B3B-D7207279404A}.Debug|Any CPU.ActiveCfg = Debug|Any CPU
		{6AD3668D-E836-420F-8B3B-D7207279404A}.Debug|Any CPU.Build.0 = Debug|Any CPU
		{6AD3668D-E836-420F-8B3B-D7207279404A}.Release|Any CPU.ActiveCfg = Release|Any CPU
		{6AD3668D-E836-420F-8B3B-D7207279404A}.Release|Any CPU.Build.0 = Release|Any CPU
		{C7784217-44BF-482E-AB77-39DC74943E7E}.Debug|Any CPU.ActiveCfg = Debug|Any CPU
		{C7784217-44BF-482E-AB77-39DC74943E7E}.Debug|Any CPU.Build.0 = Debug|Any CPU
		{C7784217-44BF-482E-AB77-39DC74943E7E}.Release|Any CPU.ActiveCfg = Release|Any CPU
		{C7784217-44BF-482E-AB77-39DC74943E7E}.Release|Any CPU.Build.0 = Release|Any CPU
		{C10FDB39-F429-4E73-BAA5-C14D3DA823A8}.Debug|Any CPU.ActiveCfg = Debug|Any CPU
		{C10FDB39-F429-4E73-BAA5-C14D3DA823A8}.Debug|Any CPU.Build.0 = Debug|Any CPU
		{C10FDB39-F429-4E73-BAA5-C14D3DA823A8}.Release|Any CPU.ActiveCfg = Release|Any CPU
		{C10FDB39-F429-4E73-BAA5-C14D3DA823A8}.Release|Any CPU.Build.0 = Release|Any CPU
		{D473970D-C90D-4B69-973D-33FBAFA41DF9}.Debug|Any CPU.ActiveCfg = Debug|Any CPU
		{D473970D-C90D-4B69-973D-33FBAFA41DF9}.Debug|Any CPU.Build.0 = Debug|Any CPU
		{D473970D-C90D-4B69-973D-33FBAFA41DF9}.Release|Any CPU.ActiveCfg = Release|Any CPU
		{D473970D-C90D-4B69-973D-33FBAFA41DF9}.Release|Any CPU.Build.0 = Release|Any CPU
		{253C4D53-D378-4147-B3F2-F02CB041D410}.Debug|Any CPU.ActiveCfg = Debug|Any CPU
		{253C4D53-D378-4147-B3F2-F02CB041D410}.Debug|Any CPU.Build.0 = Debug|Any CPU
		{253C4D53-D378-4147-B3F2-F02CB041D410}.Release|Any CPU.ActiveCfg = Release|Any CPU
		{253C4D53-D378-4147-B3F2-F02CB041D410}.Release|Any CPU.Build.0 = Release|Any CPU
		{3CAB5D53-9EBE-4ACE-8DCC-3A9A4B3D6165}.Debug|Any CPU.ActiveCfg = Debug|Any CPU
		{3CAB5D53-9EBE-4ACE-8DCC-3A9A4B3D6165}.Debug|Any CPU.Build.0 = Debug|Any CPU
		{3CAB5D53-9EBE-4ACE-8DCC-3A9A4B3D6165}.Release|Any CPU.ActiveCfg = Release|Any CPU
		{3CAB5D53-9EBE-4ACE-8DCC-3A9A4B3D6165}.Release|Any CPU.Build.0 = Release|Any CPU
		{79F59A31-1CFE-465C-AAED-91D55DBF0E96}.Debug|Any CPU.ActiveCfg = Debug|Any CPU
		{79F59A31-1CFE-465C-AAED-91D55DBF0E96}.Debug|Any CPU.Build.0 = Debug|Any CPU
		{79F59A31-1CFE-465C-AAED-91D55DBF0E96}.Release|Any CPU.ActiveCfg = Release|Any CPU
		{79F59A31-1CFE-465C-AAED-91D55DBF0E96}.Release|Any CPU.Build.0 = Release|Any CPU
		{6C695A58-9F97-4CD1-8403-9E8E91312193}.Debug|Any CPU.ActiveCfg = Debug|Any CPU
		{6C695A58-9F97-4CD1-8403-9E8E91312193}.Debug|Any CPU.Build.0 = Debug|Any CPU
		{6C695A58-9F97-4CD1-8403-9E8E91312193}.Release|Any CPU.ActiveCfg = Release|Any CPU
		{6C695A58-9F97-4CD1-8403-9E8E91312193}.Release|Any CPU.Build.0 = Release|Any CPU
		{671DF624-2B36-4F37-84FD-3CA8084FFCF1}.Debug|Any CPU.ActiveCfg = Debug|Any CPU
		{671DF624-2B36-4F37-84FD-3CA8084FFCF1}.Debug|Any CPU.Build.0 = Debug|Any CPU
		{671DF624-2B36-4F37-84FD-3CA8084FFCF1}.Release|Any CPU.ActiveCfg = Release|Any CPU
		{671DF624-2B36-4F37-84FD-3CA8084FFCF1}.Release|Any CPU.Build.0 = Release|Any CPU
		{96D5C4A6-F8B3-4912-9E5C-98830A270D19}.Debug|Any CPU.ActiveCfg = Debug|Any CPU
		{96D5C4A6-F8B3-4912-9E5C-98830A270D19}.Debug|Any CPU.Build.0 = Debug|Any CPU
		{96D5C4A6-F8B3-4912-9E5C-98830A270D19}.Release|Any CPU.ActiveCfg = Release|Any CPU
		{96D5C4A6-F8B3-4912-9E5C-98830A270D19}.Release|Any CPU.Build.0 = Release|Any CPU
		{39E158AD-11A2-4C96-A662-19FDD052B088}.Debug|Any CPU.ActiveCfg = Debug|Any CPU
		{39E158AD-11A2-4C96-A662-19FDD052B088}.Debug|Any CPU.Build.0 = Debug|Any CPU
		{39E158AD-11A2-4C96-A662-19FDD052B088}.Release|Any CPU.ActiveCfg = Release|Any CPU
		{39E158AD-11A2-4C96-A662-19FDD052B088}.Release|Any CPU.Build.0 = Release|Any CPU
		{6ECDBDCD-5F20-45C6-870F-4A8CFF60F7D7}.Debug|Any CPU.ActiveCfg = Debug|Any CPU
		{6ECDBDCD-5F20-45C6-870F-4A8CFF60F7D7}.Debug|Any CPU.Build.0 = Debug|Any CPU
		{6ECDBDCD-5F20-45C6-870F-4A8CFF60F7D7}.Release|Any CPU.ActiveCfg = Release|Any CPU
		{6ECDBDCD-5F20-45C6-870F-4A8CFF60F7D7}.Release|Any CPU.Build.0 = Release|Any CPU
		{5AD24B76-E21C-4364-AD49-CEC7E1CB850B}.Debug|Any CPU.ActiveCfg = Debug|Any CPU
		{5AD24B76-E21C-4364-AD49-CEC7E1CB850B}.Debug|Any CPU.Build.0 = Debug|Any CPU
		{5AD24B76-E21C-4364-AD49-CEC7E1CB850B}.Release|Any CPU.ActiveCfg = Release|Any CPU
		{5AD24B76-E21C-4364-AD49-CEC7E1CB850B}.Release|Any CPU.Build.0 = Release|Any CPU
		{3BF52B2A-A905-485A-92FE-085278133CD3}.Debug|Any CPU.ActiveCfg = Debug|Any CPU
		{3BF52B2A-A905-485A-92FE-085278133CD3}.Debug|Any CPU.Build.0 = Debug|Any CPU
		{3BF52B2A-A905-485A-92FE-085278133CD3}.Release|Any CPU.ActiveCfg = Release|Any CPU
		{3BF52B2A-A905-485A-92FE-085278133CD3}.Release|Any CPU.Build.0 = Release|Any CPU
		{E97118EA-4C3C-4443-85BA-D83D3D4C1484}.Debug|Any CPU.ActiveCfg = Debug|Any CPU
		{E97118EA-4C3C-4443-85BA-D83D3D4C1484}.Debug|Any CPU.Build.0 = Debug|Any CPU
		{E97118EA-4C3C-4443-85BA-D83D3D4C1484}.Release|Any CPU.ActiveCfg = Release|Any CPU
		{E97118EA-4C3C-4443-85BA-D83D3D4C1484}.Release|Any CPU.Build.0 = Release|Any CPU
		{F4167D6E-21EC-4154-BC63-13CB8E3B435C}.Debug|Any CPU.ActiveCfg = Debug|Any CPU
		{F4167D6E-21EC-4154-BC63-13CB8E3B435C}.Debug|Any CPU.Build.0 = Debug|Any CPU
		{F4167D6E-21EC-4154-BC63-13CB8E3B435C}.Release|Any CPU.ActiveCfg = Release|Any CPU
		{F4167D6E-21EC-4154-BC63-13CB8E3B435C}.Release|Any CPU.Build.0 = Release|Any CPU
		{6124624A-05C0-4ED8-87EC-699366A126A5}.Debug|Any CPU.ActiveCfg = Debug|Any CPU
		{6124624A-05C0-4ED8-87EC-699366A126A5}.Debug|Any CPU.Build.0 = Debug|Any CPU
		{6124624A-05C0-4ED8-87EC-699366A126A5}.Release|Any CPU.ActiveCfg = Release|Any CPU
		{6124624A-05C0-4ED8-87EC-699366A126A5}.Release|Any CPU.Build.0 = Release|Any CPU
		{8A2F77E3-B5E4-401A-9F3D-ACD311479DE8}.Debug|Any CPU.ActiveCfg = Debug|Any CPU
		{8A2F77E3-B5E4-401A-9F3D-ACD311479DE8}.Debug|Any CPU.Build.0 = Debug|Any CPU
		{8A2F77E3-B5E4-401A-9F3D-ACD311479DE8}.Release|Any CPU.ActiveCfg = Release|Any CPU
		{8A2F77E3-B5E4-401A-9F3D-ACD311479DE8}.Release|Any CPU.Build.0 = Release|Any CPU
		{B5C273E3-187E-449A-A1EE-D88811F60D63}.Debug|Any CPU.ActiveCfg = Debug|Any CPU
		{B5C273E3-187E-449A-A1EE-D88811F60D63}.Debug|Any CPU.Build.0 = Debug|Any CPU
		{B5C273E3-187E-449A-A1EE-D88811F60D63}.Release|Any CPU.ActiveCfg = Release|Any CPU
		{B5C273E3-187E-449A-A1EE-D88811F60D63}.Release|Any CPU.Build.0 = Release|Any CPU
		{AF88D040-5D2D-41E0-A663-0E25DDF4C898}.Debug|Any CPU.ActiveCfg = Debug|Any CPU
		{AF88D040-5D2D-41E0-A663-0E25DDF4C898}.Debug|Any CPU.Build.0 = Debug|Any CPU
		{AF88D040-5D2D-41E0-A663-0E25DDF4C898}.Release|Any CPU.ActiveCfg = Release|Any CPU
		{AF88D040-5D2D-41E0-A663-0E25DDF4C898}.Release|Any CPU.Build.0 = Release|Any CPU
		{EA91B20F-B744-422E-9043-4E7E3D14ACCA}.Debug|Any CPU.ActiveCfg = Debug|Any CPU
		{EA91B20F-B744-422E-9043-4E7E3D14ACCA}.Debug|Any CPU.Build.0 = Debug|Any CPU
		{EA91B20F-B744-422E-9043-4E7E3D14ACCA}.Release|Any CPU.ActiveCfg = Release|Any CPU
		{EA91B20F-B744-422E-9043-4E7E3D14ACCA}.Release|Any CPU.Build.0 = Release|Any CPU
		{339AB928-7E12-484B-93E2-DB8B96E5D1C3}.Debug|Any CPU.ActiveCfg = Debug|Any CPU
		{339AB928-7E12-484B-93E2-DB8B96E5D1C3}.Debug|Any CPU.Build.0 = Debug|Any CPU
		{339AB928-7E12-484B-93E2-DB8B96E5D1C3}.Release|Any CPU.ActiveCfg = Release|Any CPU
		{339AB928-7E12-484B-93E2-DB8B96E5D1C3}.Release|Any CPU.Build.0 = Release|Any CPU
		{6094686D-9A16-4AA0-B5D9-C84D4C92E6A0}.Debug|Any CPU.ActiveCfg = Debug|Any CPU
		{6094686D-9A16-4AA0-B5D9-C84D4C92E6A0}.Debug|Any CPU.Build.0 = Debug|Any CPU
		{6094686D-9A16-4AA0-B5D9-C84D4C92E6A0}.Release|Any CPU.ActiveCfg = Release|Any CPU
		{6094686D-9A16-4AA0-B5D9-C84D4C92E6A0}.Release|Any CPU.Build.0 = Release|Any CPU
		{4B86A7B4-B376-4AFB-A9E3-992786E7F52D}.Debug|Any CPU.ActiveCfg = Debug|Any CPU
		{4B86A7B4-B376-4AFB-A9E3-992786E7F52D}.Debug|Any CPU.Build.0 = Debug|Any CPU
		{4B86A7B4-B376-4AFB-A9E3-992786E7F52D}.Release|Any CPU.ActiveCfg = Release|Any CPU
		{4B86A7B4-B376-4AFB-A9E3-992786E7F52D}.Release|Any CPU.Build.0 = Release|Any CPU
		{B929FAB6-D74F-4977-920E-1CE6300E95CA}.Debug|Any CPU.ActiveCfg = Debug|Any CPU
		{B929FAB6-D74F-4977-920E-1CE6300E95CA}.Debug|Any CPU.Build.0 = Debug|Any CPU
		{B929FAB6-D74F-4977-920E-1CE6300E95CA}.Release|Any CPU.ActiveCfg = Release|Any CPU
		{B929FAB6-D74F-4977-920E-1CE6300E95CA}.Release|Any CPU.Build.0 = Release|Any CPU
		{94B3B339-6D81-45A5-BEF7-7819387C3B63}.Debug|Any CPU.ActiveCfg = Debug|Any CPU
		{94B3B339-6D81-45A5-BEF7-7819387C3B63}.Debug|Any CPU.Build.0 = Debug|Any CPU
		{94B3B339-6D81-45A5-BEF7-7819387C3B63}.Release|Any CPU.ActiveCfg = Release|Any CPU
		{94B3B339-6D81-45A5-BEF7-7819387C3B63}.Release|Any CPU.Build.0 = Release|Any CPU
		{ACC698BA-B5FE-4A42-8B82-5077EB4904AD}.Debug|Any CPU.ActiveCfg = Debug|Any CPU
		{ACC698BA-B5FE-4A42-8B82-5077EB4904AD}.Debug|Any CPU.Build.0 = Debug|Any CPU
		{ACC698BA-B5FE-4A42-8B82-5077EB4904AD}.Release|Any CPU.ActiveCfg = Release|Any CPU
		{ACC698BA-B5FE-4A42-8B82-5077EB4904AD}.Release|Any CPU.Build.0 = Release|Any CPU
		{F1DA4E4C-192B-46AA-97F1-FC81C89163A6}.Debug|Any CPU.ActiveCfg = Debug|Any CPU
		{F1DA4E4C-192B-46AA-97F1-FC81C89163A6}.Debug|Any CPU.Build.0 = Debug|Any CPU
		{F1DA4E4C-192B-46AA-97F1-FC81C89163A6}.Release|Any CPU.ActiveCfg = Release|Any CPU
		{F1DA4E4C-192B-46AA-97F1-FC81C89163A6}.Release|Any CPU.Build.0 = Release|Any CPU
		{9E999F61-0FC0-4AB3-86DF-547155F00283}.Debug|Any CPU.ActiveCfg = Debug|Any CPU
		{9E999F61-0FC0-4AB3-86DF-547155F00283}.Debug|Any CPU.Build.0 = Debug|Any CPU
		{9E999F61-0FC0-4AB3-86DF-547155F00283}.Release|Any CPU.ActiveCfg = Release|Any CPU
		{9E999F61-0FC0-4AB3-86DF-547155F00283}.Release|Any CPU.Build.0 = Release|Any CPU
		{9FE8EB98-30AE-4914-A78D-D9FE95A6B37C}.Debug|Any CPU.ActiveCfg = Debug|Any CPU
		{9FE8EB98-30AE-4914-A78D-D9FE95A6B37C}.Debug|Any CPU.Build.0 = Debug|Any CPU
		{9FE8EB98-30AE-4914-A78D-D9FE95A6B37C}.Release|Any CPU.ActiveCfg = Release|Any CPU
		{9FE8EB98-30AE-4914-A78D-D9FE95A6B37C}.Release|Any CPU.Build.0 = Release|Any CPU
		{F82EE53D-7164-4859-ADD5-F98B6E508822}.Debug|Any CPU.ActiveCfg = Debug|Any CPU
		{F82EE53D-7164-4859-ADD5-F98B6E508822}.Debug|Any CPU.Build.0 = Debug|Any CPU
		{F82EE53D-7164-4859-ADD5-F98B6E508822}.Release|Any CPU.ActiveCfg = Release|Any CPU
		{F82EE53D-7164-4859-ADD5-F98B6E508822}.Release|Any CPU.Build.0 = Release|Any CPU
		{08DAD4C1-4E90-42B3-9740-70EEDBEDF28B}.Debug|Any CPU.ActiveCfg = Debug|Any CPU
		{08DAD4C1-4E90-42B3-9740-70EEDBEDF28B}.Debug|Any CPU.Build.0 = Debug|Any CPU
		{08DAD4C1-4E90-42B3-9740-70EEDBEDF28B}.Release|Any CPU.ActiveCfg = Release|Any CPU
		{08DAD4C1-4E90-42B3-9740-70EEDBEDF28B}.Release|Any CPU.Build.0 = Release|Any CPU
		{AFB7283E-2662-495F-A347-5B009826B7A3}.Debug|Any CPU.ActiveCfg = Debug|Any CPU
		{AFB7283E-2662-495F-A347-5B009826B7A3}.Debug|Any CPU.Build.0 = Debug|Any CPU
		{AFB7283E-2662-495F-A347-5B009826B7A3}.Release|Any CPU.ActiveCfg = Release|Any CPU
		{AFB7283E-2662-495F-A347-5B009826B7A3}.Release|Any CPU.Build.0 = Release|Any CPU
		{C79BC341-C90A-4C76-99EA-4E2E61FE6469}.Debug|Any CPU.ActiveCfg = Debug|Any CPU
		{C79BC341-C90A-4C76-99EA-4E2E61FE6469}.Debug|Any CPU.Build.0 = Debug|Any CPU
		{C79BC341-C90A-4C76-99EA-4E2E61FE6469}.Release|Any CPU.ActiveCfg = Release|Any CPU
		{C79BC341-C90A-4C76-99EA-4E2E61FE6469}.Release|Any CPU.Build.0 = Release|Any CPU
		{49AB61C1-30E5-44CE-BB09-98544E5525C2}.Debug|Any CPU.ActiveCfg = Debug|Any CPU
		{49AB61C1-30E5-44CE-BB09-98544E5525C2}.Debug|Any CPU.Build.0 = Debug|Any CPU
		{49AB61C1-30E5-44CE-BB09-98544E5525C2}.Release|Any CPU.ActiveCfg = Release|Any CPU
		{49AB61C1-30E5-44CE-BB09-98544E5525C2}.Release|Any CPU.Build.0 = Release|Any CPU
		{D4539236-FF30-4BED-B50E-A758C2D1E788}.Debug|Any CPU.ActiveCfg = Debug|Any CPU
		{D4539236-FF30-4BED-B50E-A758C2D1E788}.Debug|Any CPU.Build.0 = Debug|Any CPU
		{D4539236-FF30-4BED-B50E-A758C2D1E788}.Release|Any CPU.ActiveCfg = Release|Any CPU
		{D4539236-FF30-4BED-B50E-A758C2D1E788}.Release|Any CPU.Build.0 = Release|Any CPU
		{5064DDD5-C3F0-439B-8866-C8DA5F0348AC}.Debug|Any CPU.ActiveCfg = Debug|Any CPU
		{5064DDD5-C3F0-439B-8866-C8DA5F0348AC}.Debug|Any CPU.Build.0 = Debug|Any CPU
		{5064DDD5-C3F0-439B-8866-C8DA5F0348AC}.Release|Any CPU.ActiveCfg = Release|Any CPU
		{5064DDD5-C3F0-439B-8866-C8DA5F0348AC}.Release|Any CPU.Build.0 = Release|Any CPU
	EndGlobalSection
	GlobalSection(SolutionProperties) = preSolution
		HideSolutionNode = FALSE
	EndGlobalSection
	GlobalSection(NestedProjects) = preSolution
		{744E9BBB-93F0-434C-8B0D-1191BE4AFA0D} = {4C9CDF54-CE9C-4548-9BA6-C133B47435D6}
		{E332409B-FA3D-4B1B-AC48-C60337FDCB59} = {4C9CDF54-CE9C-4548-9BA6-C133B47435D6}
		{D191FA86-F6E7-432E-AC9B-15BD260A2E56} = {4C9CDF54-CE9C-4548-9BA6-C133B47435D6}
		{6AD3668D-E836-420F-8B3B-D7207279404A} = {4C9CDF54-CE9C-4548-9BA6-C133B47435D6}
		{C7784217-44BF-482E-AB77-39DC74943E7E} = {4C9CDF54-CE9C-4548-9BA6-C133B47435D6}
		{C10FDB39-F429-4E73-BAA5-C14D3DA823A8} = {33E5F6B5-FA0C-49E7-9DD9-62286BE1A05E}
		{D473970D-C90D-4B69-973D-33FBAFA41DF9} = {33E5F6B5-FA0C-49E7-9DD9-62286BE1A05E}
		{253C4D53-D378-4147-B3F2-F02CB041D410} = {33E5F6B5-FA0C-49E7-9DD9-62286BE1A05E}
		{3CAB5D53-9EBE-4ACE-8DCC-3A9A4B3D6165} = {688CFDC6-0BA5-4ED6-B79A-6A76A33F26A4}
		{79F59A31-1CFE-465C-AAED-91D55DBF0E96} = {B79F9A97-91D7-4445-A39D-A5337F3A8A43}
		{6C695A58-9F97-4CD1-8403-9E8E91312193} = {B79F9A97-91D7-4445-A39D-A5337F3A8A43}
		{671DF624-2B36-4F37-84FD-3CA8084FFCF1} = {B79F9A97-91D7-4445-A39D-A5337F3A8A43}
		{96D5C4A6-F8B3-4912-9E5C-98830A270D19} = {B79F9A97-91D7-4445-A39D-A5337F3A8A43}
		{39E158AD-11A2-4C96-A662-19FDD052B088} = {B79F9A97-91D7-4445-A39D-A5337F3A8A43}
		{6ECDBDCD-5F20-45C6-870F-4A8CFF60F7D7} = {DAA8DDF9-5A48-4401-A110-D4CCFF18EB96}
		{5AD24B76-E21C-4364-AD49-CEC7E1CB850B} = {DAA8DDF9-5A48-4401-A110-D4CCFF18EB96}
		{3BF52B2A-A905-485A-92FE-085278133CD3} = {DAA8DDF9-5A48-4401-A110-D4CCFF18EB96}
		{E97118EA-4C3C-4443-85BA-D83D3D4C1484} = {CC12469D-F8E5-408C-B3A8-5A6A745E021B}
		{F4167D6E-21EC-4154-BC63-13CB8E3B435C} = {CC12469D-F8E5-408C-B3A8-5A6A745E021B}
		{6124624A-05C0-4ED8-87EC-699366A126A5} = {DAA8DDF9-5A48-4401-A110-D4CCFF18EB96}
		{8A2F77E3-B5E4-401A-9F3D-ACD311479DE8} = {DAA8DDF9-5A48-4401-A110-D4CCFF18EB96}
		{B5C273E3-187E-449A-A1EE-D88811F60D63} = {CC12469D-F8E5-408C-B3A8-5A6A745E021B}
		{AF88D040-5D2D-41E0-A663-0E25DDF4C898} = {CC12469D-F8E5-408C-B3A8-5A6A745E021B}
		{EA91B20F-B744-422E-9043-4E7E3D14ACCA} = {CC12469D-F8E5-408C-B3A8-5A6A745E021B}
		{339AB928-7E12-484B-93E2-DB8B96E5D1C3} = {4CE4CB7F-2019-413F-987C-2C1DD230440A}
		{6094686D-9A16-4AA0-B5D9-C84D4C92E6A0} = {4CE4CB7F-2019-413F-987C-2C1DD230440A}
		{4B86A7B4-B376-4AFB-A9E3-992786E7F52D} = {4CE4CB7F-2019-413F-987C-2C1DD230440A}
		{B929FAB6-D74F-4977-920E-1CE6300E95CA} = {4CE4CB7F-2019-413F-987C-2C1DD230440A}
		{94B3B339-6D81-45A5-BEF7-7819387C3B63} = {4CE4CB7F-2019-413F-987C-2C1DD230440A}
		{ACC698BA-B5FE-4A42-8B82-5077EB4904AD} = {BAB8057C-8797-4B27-BEF9-D7B2DBADEBA0}
		{F1DA4E4C-192B-46AA-97F1-FC81C89163A6} = {BAB8057C-8797-4B27-BEF9-D7B2DBADEBA0}
		{9E999F61-0FC0-4AB3-86DF-547155F00283} = {BAB8057C-8797-4B27-BEF9-D7B2DBADEBA0}
		{9FE8EB98-30AE-4914-A78D-D9FE95A6B37C} = {BAB8057C-8797-4B27-BEF9-D7B2DBADEBA0}
		{F82EE53D-7164-4859-ADD5-F98B6E508822} = {BAB8057C-8797-4B27-BEF9-D7B2DBADEBA0}
		{08DAD4C1-4E90-42B3-9740-70EEDBEDF28B} = {32FC1CE1-9645-41C4-BA77-924DDFFA0D1F}
		{AFB7283E-2662-495F-A347-5B009826B7A3} = {32FC1CE1-9645-41C4-BA77-924DDFFA0D1F}
		{C79BC341-C90A-4C76-99EA-4E2E61FE6469} = {32FC1CE1-9645-41C4-BA77-924DDFFA0D1F}
		{49AB61C1-30E5-44CE-BB09-98544E5525C2} = {32FC1CE1-9645-41C4-BA77-924DDFFA0D1F}
		{D4539236-FF30-4BED-B50E-A758C2D1E788} = {32FC1CE1-9645-41C4-BA77-924DDFFA0D1F}
		{5064DDD5-C3F0-439B-8866-C8DA5F0348AC} = {5CD9571E-78A3-4340-9D2F-70A82D3D7891}
	EndGlobalSection
	GlobalSection(ExtensibilityGlobals) = postSolution
		SolutionGuid = {0BC70A09-0E47-4E79-B17C-42D8D759056E}
	EndGlobalSection
EndGlobal
