
Microsoft Visual Studio Solution File, Format Version 12.00
# Visual Studio Version 17
VisualStudioVersion = 17.10.34928.147
MinimumVisualStudioVersion = 10.0.40219.1
Project("{9A19103F-16F7-4668-BE54-9A1E7A4F7556}") = "CRM.JFLEAD.WebAPI", "CRM.JFLEAD.WebAPI\CRM.JFLEAD.WebAPI.csproj", "{744E9BBB-93F0-434C-8B0D-1191BE4AFA0D}"
EndProject
Project("{9A19103F-16F7-4668-BE54-9A1E7A4F7556}") = "CRM.JFLEAD.Domain", "CRM.JFLEAD.Domain\CRM.JFLEAD.Domain.csproj", "{E332409B-FA3D-4B1B-AC48-C60337FDCB59}"
EndProject
Project("{9A19103F-16F7-4668-BE54-9A1E7A4F7556}") = "CRM.JFLEAD.Core", "CRM.JFLEAD.Core\CRM.JFLEAD.Core.csproj", "{D191FA86-F6E7-432E-AC9B-15BD260A2E56}"
EndProject
Project("{9A19103F-16F7-4668-BE54-9A1E7A4F7556}") = "CRM.JFLEAD.App", "CRM.JFLEAD.App\CRM.JFLEAD.App.csproj", "{6AD3668D-E836-420F-8B3B-D7207279404A}"
EndProject
Project("{9A19103F-16F7-4668-BE54-9A1E7A4F7556}") = "CRM.JFLEAD.Infrastructure", "CRM.JFLEAD.Infrastructure\CRM.JFLEAD.Infrastructure.csproj", "{C7784217-44BF-482E-AB77-39DC74943E7E}"
EndProject
Project("{2150E333-8FDC-42A3-9474-1A3956D46DE8}") = "02-Leads", "02-Leads", "{4C9CDF54-CE9C-4548-9BA6-C133B47435D6}"
EndProject
Project("{2150E333-8FDC-42A3-9474-1A3956D46DE8}") = "01-SharedKernel", "01-SharedKernel", "{33E5F6B5-FA0C-49E7-9DD9-62286BE1A05E}"
EndProject
Project("{9A19103F-16F7-4668-BE54-9A1E7A4F7556}") = "CRM.SharedKernel.Domain", "CRM.SharedKernel.Domain\CRM.SharedKernel.Domain.csproj", "{C10FDB39-F429-4E73-BAA5-C14D3DA823A8}"
EndProject
Project("{9A19103F-16F7-4668-BE54-9A1E7A4F7556}") = "CRM.SharedKernel.Core", "CRM.SharedKernel.Core\CRM.SharedKernel.Core.csproj", "{D473970D-C90D-4B69-973D-33FBAFA41DF9}"
EndProject
Project("{FAE04EC0-301F-11D3-BF4B-00C04F79EFBC}") = "CRM.SharedKernel.App", "CRM.SharedKernel.App\CRM.SharedKernel.App.csproj", "{253C4D53-D378-4147-B3F2-F02CB041D410}"
EndProject
Global
	GlobalSection(SolutionConfigurationPlatforms) = preSolution
		Debug|Any CPU = Debug|Any CPU
		Release|Any CPU = Release|Any CPU
	EndGlobalSection
	GlobalSection(ProjectConfigurationPlatforms) = postSolution
		{744E9BBB-93F0-434C-8B0D-1191BE4AFA0D}.Debug|Any CPU.ActiveCfg = Debug|Any CPU
		{744E9BBB-93F0-434C-8B0D-1191BE4AFA0D}.Debug|Any CPU.Build.0 = Debug|Any CPU
		{744E9BBB-93F0-434C-8B0D-1191BE4AFA0D}.Release|Any CPU.ActiveCfg = Release|Any CPU
		{744E9BBB-93F0-434C-8B0D-1191BE4AFA0D}.Release|Any CPU.Build.0 = Release|Any CPU
		{E332409B-FA3D-4B1B-AC48-C60337FDCB59}.Debug|Any CPU.ActiveCfg = Debug|Any CPU
		{E332409B-FA3D-4B1B-AC48-C60337FDCB59}.Debug|Any CPU.Build.0 = Debug|Any CPU
		{E332409B-FA3D-4B1B-AC48-C60337FDCB59}.Release|Any CPU.ActiveCfg = Release|Any CPU
		{E332409B-FA3D-4B1B-AC48-C60337FDCB59}.Release|Any CPU.Build.0 = Release|Any CPU
		{D191FA86-F6E7-432E-AC9B-15BD260A2E56}.Debug|Any CPU.ActiveCfg = Debug|Any CPU
		{D191FA86-F6E7-432E-AC9B-15BD260A2E56}.Debug|Any CPU.Build.0 = Debug|Any CPU
		{D191FA86-F6E7-432E-AC9B-15BD260A2E56}.Release|Any CPU.ActiveCfg = Release|Any CPU
		{D191FA86-F6E7-432E-AC9B-15BD260A2E56}.Release|Any CPU.Build.0 = Release|Any CPU
		{6AD3668D-E836-420F-8B3B-D7207279404A}.Debug|Any CPU.ActiveCfg = Debug|Any CPU
		{6AD3668D-E836-420F-8B3B-D7207279404A}.Debug|Any CPU.Build.0 = Debug|Any CPU
		{6AD3668D-E836-420F-8B3B-D7207279404A}.Release|Any CPU.ActiveCfg = Release|Any CPU
		{6AD3668D-E836-420F-8B3B-D7207279404A}.Release|Any CPU.Build.0 = Release|Any CPU
		{C7784217-44BF-482E-AB77-39DC74943E7E}.Debug|Any CPU.ActiveCfg = Debug|Any CPU
		{C7784217-44BF-482E-AB77-39DC74943E7E}.Debug|Any CPU.Build.0 = Debug|Any CPU
		{C7784217-44BF-482E-AB77-39DC74943E7E}.Release|Any CPU.ActiveCfg = Release|Any CPU
		{C7784217-44BF-482E-AB77-39DC74943E7E}.Release|Any CPU.Build.0 = Release|Any CPU
		{C10FDB39-F429-4E73-BAA5-C14D3DA823A8}.Debug|Any CPU.ActiveCfg = Debug|Any CPU
		{C10FDB39-F429-4E73-BAA5-C14D3DA823A8}.Debug|Any CPU.Build.0 = Debug|Any CPU
		{C10FDB39-F429-4E73-BAA5-C14D3DA823A8}.Release|Any CPU.ActiveCfg = Release|Any CPU
		{C10FDB39-F429-4E73-BAA5-C14D3DA823A8}.Release|Any CPU.Build.0 = Release|Any CPU
		{D473970D-C90D-4B69-973D-33FBAFA41DF9}.Debug|Any CPU.ActiveCfg = Debug|Any CPU
		{D473970D-C90D-4B69-973D-33FBAFA41DF9}.Debug|Any CPU.Build.0 = Debug|Any CPU
		{D473970D-C90D-4B69-973D-33FBAFA41DF9}.Release|Any CPU.ActiveCfg = Release|Any CPU
		{D473970D-C90D-4B69-973D-33FBAFA41DF9}.Release|Any CPU.Build.0 = Release|Any CPU
		{253C4D53-D378-4147-B3F2-F02CB041D410}.Debug|Any CPU.ActiveCfg = Debug|Any CPU
		{253C4D53-D378-4147-B3F2-F02CB041D410}.Debug|Any CPU.Build.0 = Debug|Any CPU
		{253C4D53-D378-4147-B3F2-F02CB041D410}.Release|Any CPU.ActiveCfg = Release|Any CPU
		{253C4D53-D378-4147-B3F2-F02CB041D410}.Release|Any CPU.Build.0 = Release|Any CPU
	EndGlobalSection
	GlobalSection(SolutionProperties) = preSolution
		HideSolutionNode = FALSE
	EndGlobalSection
	GlobalSection(NestedProjects) = preSolution
		{744E9BBB-93F0-434C-8B0D-1191BE4AFA0D} = {4C9CDF54-CE9C-4548-9BA6-C133B47435D6}
		{E332409B-FA3D-4B1B-AC48-C60337FDCB59} = {4C9CDF54-CE9C-4548-9BA6-C133B47435D6}
		{D191FA86-F6E7-432E-AC9B-15BD260A2E56} = {4C9CDF54-CE9C-4548-9BA6-C133B47435D6}
		{6AD3668D-E836-420F-8B3B-D7207279404A} = {4C9CDF54-CE9C-4548-9BA6-C133B47435D6}
		{C7784217-44BF-482E-AB77-39DC74943E7E} = {4C9CDF54-CE9C-4548-9BA6-C133B47435D6}
		{C10FDB39-F429-4E73-BAA5-C14D3DA823A8} = {33E5F6B5-FA0C-49E7-9DD9-62286BE1A05E}
		{D473970D-C90D-4B69-973D-33FBAFA41DF9} = {33E5F6B5-FA0C-49E7-9DD9-62286BE1A05E}
		{253C4D53-D378-4147-B3F2-F02CB041D410} = {33E5F6B5-FA0C-49E7-9DD9-62286BE1A05E}
	EndGlobalSection
	GlobalSection(ExtensibilityGlobals) = postSolution
		SolutionGuid = {0BC70A09-0E47-4E79-B17C-42D8D759056E}
	EndGlobalSection
EndGlobal
